
Microsoft Visual Studio Solution File, Format Version 12.00
# Visual Studio Version 17
VisualStudioVersion = 17.12.35521.163
MinimumVisualStudioVersion = 10.0.40219.1
Project("{FAE04EC0-301F-11D3-BF4B-00C04F79EFBC}") = "AlkataCompiler", "AlkataCompiler\AlkataCompiler.csproj", "{693D9208-A55E-4353-9490-2D79B176C3E6}"
EndProject
Project("{FAE04EC0-301F-11D3-BF4B-00C04F79EFBC}") = "Alkata", "Alkata\Alkata.csproj", "{6FFF4080-04E9-47D8-AF1C-8D4D5EF30CED}"
EndProject
Project("{FAE04EC0-301F-11D3-BF4B-00C04F79EFBC}") = "Tests", "Tests\Tests.csproj", "{7AB6439C-4E39-4956-B506-3D426AB6E754}"
EndProject
Global
	GlobalSection(SolutionConfigurationPlatforms) = preSolution
		Debug|Any CPU = Debug|Any CPU
		Release|Any CPU = Release|Any CPU
	EndGlobalSection
	GlobalSection(ProjectConfigurationPlatforms) = postSolution
		{693D9208-A55E-4353-9490-2D79B176C3E6}.Debug|Any CPU.ActiveCfg = Debug|Any CPU
		{693D9208-A55E-4353-9490-2D79B176C3E6}.Debug|Any CPU.Build.0 = Debug|Any CPU
		{693D9208-A55E-4353-9490-2D79B176C3E6}.Release|Any CPU.ActiveCfg = Release|Any CPU
		{693D9208-A55E-4353-9490-2D79B176C3E6}.Release|Any CPU.Build.0 = Release|Any CPU
		{6FFF4080-04E9-47D8-AF1C-8D4D5EF30CED}.Debug|Any CPU.ActiveCfg = Debug|Any CPU
		{6FFF4080-04E9-47D8-AF1C-8D4D5EF30CED}.Debug|Any CPU.Build.0 = Debug|Any CPU
		{6FFF4080-04E9-47D8-AF1C-8D4D5EF30CED}.Release|Any CPU.ActiveCfg = Release|Any CPU
		{6FFF4080-04E9-47D8-AF1C-8D4D5EF30CED}.Release|Any CPU.Build.0 = Release|Any CPU
		{7AB6439C-4E39-4956-B506-3D426AB6E754}.Debug|Any CPU.ActiveCfg = Debug|Any CPU
		{7AB6439C-4E39-4956-B506-3D426AB6E754}.Debug|Any CPU.Build.0 = Debug|Any CPU
		{7AB6439C-4E39-4956-B506-3D426AB6E754}.Release|Any CPU.ActiveCfg = Release|Any CPU
		{7AB6439C-4E39-4956-B506-3D426AB6E754}.Release|Any CPU.Build.0 = Release|Any CPU
	EndGlobalSection
	GlobalSection(SolutionProperties) = preSolution
		HideSolutionNode = FALSE
	EndGlobalSection
EndGlobal
